{
  "version": 1,
  "dependencies": {
    "net8.0": {
      "Avalonia": {
        "type": "Direct",
        "requested": "[11.3.20, )",
        "resolved": "11.3.20",
        "contentHash": "nbT+swxCTTvtXxNZC7ZOBGq6GKE5G8PpQ9rDw4+fKvzpbUqPgVVoUfnTGUY+Y+THvuAQN0Xyk/R7flyKYADX0w==",
        "dependencies": {
          "Avalonia.BuildServices": "11.3.2",
          "Avalonia.Remote.Protocol": "11.3.20",
          "MicroCom.Runtime": "0.11.0"
        }
      },
      "Avalonia.Desktop": {
        "type": "Direct",
        "requested": "[11.3.20, )",
        "resolved": "11.3.20",
        "contentHash": "Xgqh+P7tdnarTbBgnPcbUlqedrfpU2nqLnlxgnrhNUrJZY5hMkmaxZapqYx+Wmu3IcTj3Cl79m7n6vlbBxM6IQ==",
        "dependencies": {
          "Avalonia": "11.3.20",
          "Avalonia.Native": "11.3.20",
          "Avalonia.Skia": "11.3.20",
          "Avalonia.Win32": "11.3.20",
          "Avalonia.X11": "11.3.20"
        }
      },
      "Avalonia.Themes.Fluent": {
        "type": "Direct",
        "requested": "[11.3.20, )",
        "resolved": "11.3.20",
        "contentHash": "jqjnFUmFRsT454990BFUbDqCaLeN1BOrNGMNty76TifMGEn4JgOL/hBY6mQw9UrRABXBZfXAWu9G36D7CkE9MA==",
        "dependencies": {
          "Avalonia": "11.3.20"
        }
      },
      "NAudio.Core": {
        "type": "Direct",
        "requested": "[2.4.0, )",
        "resolved": "2.4.0",
        "contentHash": "VDXi1Wp1CUFgMxYyyajaG8sM9c9v5Mf2AdJkYUnksqwENSqVlrXsPe9l/mG55pNIv9eMYXGHiIxVuhS7+a3BQg=="
      },
      "NAudio.Wasapi": {
        "type": "Direct",
        "requested": "[2.4.0, )",
        "resolved": "2.4.0",
        "contentHash": "DKwpFzgJkUkge4sR+5t/DND1SbuHOJXQX3BBqnmd0n/zjM/CqBqbKA1wMXKIKdN2R1PtETVDu5C9ODPif37hhw==",
        "dependencies": {
          "NAudio.Core": "2.4.0"
        }
      },
      "NAudio.WinMM": {
        "type": "Direct",
        "requested": "[2.4.0, )",
        "resolved": "2.4.0",
        "contentHash": "mipx4Wx/C2c/ajptYaInJyakSq+33TjfQWSjFuOoq7JnU2E7nIkZj6pf9Qx4AwExPQ094Gn9R/jt52agiETkwQ==",
        "dependencies": {
          "NAudio.Core": "2.4.0"
        }
      },
      "Avalonia.Angle.Windows.Natives": {
        "type": "Transitive",
        "resolved": "2.1.25547.20250602",
        "contentHash": "ZL0VLc4s9rvNNFt19Pxm5UNAkmKNylugAwJPX9ulXZ6JWs/l6XZihPWWTyezaoNOVyEPU8YbURtW7XMAtqXH5A=="
      },
      "Avalonia.BuildServices": {
        "type": "Transitive",
        "resolved": "11.3.2",
        "contentHash": "qHDToxto1e3hci5YqbG9n0Ty8mlp3zBUN5wT66wKqaDVzXyQ0do3EnRILd4Ke9jpvsktaPpgE0YjEk7hornryQ=="
      },
      "Avalonia.FreeDesktop": {
        "type": "Transitive",
        "resolved": "11.3.20",
        "contentHash": "lqUbC3G9XB5sqyzosgOsoAN+/pB72EzlrsucYCyTT6MK0dOS9KyzrbZIt7g260v/6MjzKZ9EeUx20L2wlRxyUg==",
        "dependencies": {
          "Avalonia": "11.3.20",
          "Tmds.DBus.Protocol": "0.21.3"
        }
      },
      "Avalonia.Native": {
        "type": "Transitive",
        "resolved": "11.3.20",
        "contentHash": "EbKYJk6cp2fPW0bZpeUcndg5wXh+VyxKkGLGXrrTqR+FZFA2CpCcT0PFzOFlTY0p8KU7Z41Hd/qZ/6TvoMB07Q==",
        "dependencies": {
          "Avalonia": "11.3.20"
        }
      },
      "Avalonia.Remote.Protocol": {
        "type": "Transitive",
        "resolved": "11.3.20",
        "contentHash": "ZOKQmS0qetctZjK001FNAq8zxH7D3jZk9MkJP3cx7/Z6Ch4C3g0iAzGM/ND7/l6ki2sV/qEHzGvQZ02zB2GYOw=="
      },
      "Avalonia.Skia": {
        "type": "Transitive",
        "resolved": "11.3.20",
        "contentHash": "Kfje1DNaaJg8gQfLQSTc1BCPKxQGk3JfsPbJWMRleUuoWKXfwB3syCRB0j7n52GvZsVT71yJuxBdGp3doy074g==",
        "dependencies": {
          "Avalonia": "11.3.20",
          "HarfBuzzSharp": "8.3.1.1",
          "HarfBuzzSharp.NativeAssets.Linux": "8.3.1.1",
          "HarfBuzzSharp.NativeAssets.WebAssembly": "8.3.1.1",
          "SkiaSharp": "2.88.9",
          "SkiaSharp.NativeAssets.Linux": "2.88.9",
          "SkiaSharp.NativeAssets.WebAssembly": "2.88.9"
        }
      },
      "Avalonia.Win32": {
        "type": "Transitive",
        "resolved": "11.3.20",
        "contentHash": "uiEoEbRjja1Dv+MY0w8NwMbMBKbCZ23YFUl1BwJuyX+D2+jEG5HjA6SuxgPkC54DSAQG0gj4PEWxvenel4DO5w==",
        "dependencies": {
          "Avalonia": "11.3.20",
          "Avalonia.Angle.Windows.Natives": "2.1.25547.20250602"
        }
      },
      "Avalonia.X11": {
        "type": "Transitive",
        "resolved": "11.3.20",
        "contentHash": "wm090c1cGa5VrppIWhEXCyt5xyZ0zblOEcBnFCFOHQFIYj8fR3x49NPCdzKCXB6yx/Lp4KwWwdN1L9NNZAODiQ==",
        "dependencies": {
          "Avalonia": "11.3.20",
          "Avalonia.FreeDesktop": "11.3.20",
          "Avalonia.Skia": "11.3.20"
        }
      },
      "HarfBuzzSharp": {
        "type": "Transitive",
        "resolved": "8.3.1.1",
        "contentHash": "tLZN66oe/uiRPTZfrCU4i8ScVGwqHNh5MHrXj0yVf4l7Mz0FhTGnQ71RGySROTmdognAs0JtluHkL41pIabWuQ==",
        "dependencies": {
          "HarfBuzzSharp.NativeAssets.Win32": "8.3.1.1",
          "HarfBuzzSharp.NativeAssets.macOS": "8.3.1.1"
        }
      },
      "HarfBuzzSharp.NativeAssets.Linux": {
        "type": "Transitive",
        "resolved": "8.3.1.1",
        "contentHash": "3EZ1mpIiKWRLL5hUYA82ZHteeDIVaEA/Z0rA/wU6tjx6crcAkJnBPwDXZugBSfo8+J3EznvRJf49uMsqYfKrHg=="
      },
      "HarfBuzzSharp.NativeAssets.macOS": {
        "type": "Transitive",
        "resolved": "8.3.1.1",
        "contentHash": "jbtCsgftcaFLCA13tVKo5iWdElJScrulLTKJre36O4YQTIlwDtPPqhRZNk+Y0vv4D1gxbscasGRucUDfS44ofQ=="
      },
      "HarfBuzzSharp.NativeAssets.WebAssembly": {
        "type": "Transitive",
        "resolved": "8.3.1.1",
        "contentHash": "loJweK2u/mH/3C2zBa0ggJlITIszOkK64HLAZB7FUT670dTg965whLFYHDQo69NmC4+d9UN0icLC9VHidXaVCA=="
      },
      "HarfBuzzSharp.NativeAssets.Win32": {
        "type": "Transitive",
        "resolved": "8.3.1.1",
        "contentHash": "UsJtQsfAJoFDZrXc4hCUfRPMqccfKZ0iumJ/upcUjz/cmsTgVFGNEL5yaJWmkqsuFYdMWbj/En5/kS4PFl9hBA=="
      },
      "MicroCom.Runtime": {
        "type": "Transitive",
        "resolved": "0.11.0",
        "contentHash": "MEnrZ3UIiH40hjzMDsxrTyi8dtqB5ziv3iBeeU4bXsL/7NLSal9F1lZKpK+tfBRnUoDSdtcW3KufE4yhATOMCA=="
      },
      "Microsoft.Data.Sqlite": {
        "type": "Transitive",
        "resolved": "8.0.22",
        "contentHash": "vPqCMcGbioWfehIZvyh68Jy1jRPXFQ89ZlAnrquYm+yrH891SHPdqWCDeA8h70pWN/L78eK/Ze7un9TPI6EsZA==",
        "dependencies": {
          "Microsoft.Data.Sqlite.Core": "8.0.22",
          "SQLitePCLRaw.bundle_e_sqlite3": "2.1.6"
        }
      },
      "Microsoft.Data.Sqlite.Core": {
        "type": "Transitive",
        "resolved": "8.0.22",
        "contentHash": "x09ObAhKeabVMKRi3/jU0HvIcm0T/RxjSdqGmwbTeya/Iev+aPIB69atBuR+kfbZ9P+EspBSAQ0kQ5Qc/REsXQ==",
        "dependencies": {
          "SQLitePCLRaw.core": "2.1.6"
        }
      },
      "SkiaSharp": {
        "type": "Transitive",
        "resolved": "2.88.9",
        "contentHash": "3MD5VHjXXieSHCleRLuaTXmL2pD0mB7CcOB1x2kA1I4bhptf4e3R27iM93264ZYuAq6mkUyX5XbcxnZvMJYc1Q==",
        "dependencies": {
          "SkiaSharp.NativeAssets.Win32": "2.88.9",
          "SkiaSharp.NativeAssets.macOS": "2.88.9"
        }
      },
      "SkiaSharp.NativeAssets.Linux": {
        "type": "Transitive",
        "resolved": "2.88.9",
        "contentHash": "cWSaJKVPWAaT/WIn9c8T5uT/l4ETwHxNJTkEOtNKjphNo8AW6TF9O32aRkxqw3l8GUdUo66Bu7EiqtFh/XG0Zg==",
        "dependencies": {
          "SkiaSharp": "2.88.9"
        }
      },
      "SkiaSharp.NativeAssets.macOS": {
        "type": "Transitive",
        "resolved": "2.88.9",
        "contentHash": "Nv5spmKc4505Ep7oUoJ5vp3KweFpeNqxpyGDWyeEPTX2uR6S6syXIm3gj75dM0YJz7NPvcix48mR5laqs8dPuA=="
      },
      "SkiaSharp.NativeAssets.WebAssembly": {
        "type": "Transitive",
        "resolved": "2.88.9",
        "contentHash": "kt06RccBHSnAs2wDYdBSfsjIDbY3EpsOVqnlDgKdgvyuRA8ZFDaHRdWNx1VHjGgYzmnFCGiTJBnXFl5BqGwGnA=="
      },
      "SkiaSharp.NativeAssets.Win32": {
        "type": "Transitive",
        "resolved": "2.88.9",
        "contentHash": "wb2kYgU7iy84nQLYZwMeJXixvK++GoIuECjU4ECaUKNuflyRlJKyiRhN1MAHswvlvzuvkrjRWlK0Za6+kYQK7w=="
      },
      "SQLitePCLRaw.bundle_e_sqlite3": {
        "type": "Transitive",
        "resolved": "2.1.6",
        "contentHash": "BmAf6XWt4TqtowmiWe4/5rRot6GerAeklmOPfviOvwLoF5WwgxcJHAxZtySuyW9r9w+HLILnm8VfJFLCUJYW8A==",
        "dependencies": {
          "SQLitePCLRaw.lib.e_sqlite3": "2.1.6",
          "SQLitePCLRaw.provider.e_sqlite3": "2.1.6"
        }
      },
      "SQLitePCLRaw.core": {
        "type": "Transitive",
        "resolved": "2.1.6",
        "contentHash": "wO6v9GeMx9CUngAet8hbO7xdm+M42p1XeJq47ogyRoYSvNSp0NGLI+MgC0bhrMk9C17MTVFlLiN6ylyExLCc5w==",
        "dependencies": {
          "System.Memory": "4.5.3"
        }
      },
      "SQLitePCLRaw.lib.e_sqlite3": {
        "type": "Transitive",
        "resolved": "2.1.6",
        "contentHash": "2ObJJLkIUIxRpOUlZNGuD4rICpBnrBR5anjyfUFQep4hMOIeqW+XGQYzrNmHSVz5xSWZ3klSbh7sFR6UyDj68Q=="
      },
      "SQLitePCLRaw.provider.e_sqlite3": {
        "type": "Transitive",
        "resolved": "2.1.6",
        "contentHash": "PQ2Oq3yepLY4P7ll145P3xtx2bX8xF4PzaKPRpw9jZlKvfe4LE/saAV82inND9usn1XRpmxXk7Lal3MTI+6CNg==",
        "dependencies": {
          "SQLitePCLRaw.core": "2.1.6"
        }
      },
      "System.IO.Pipelines": {
        "type": "Transitive",
        "resolved": "8.0.0",
        "contentHash": "FHNOatmUq0sqJOkTx+UF/9YK1f180cnW5FVqnQMvYUN0elp6wFzbtPSiqbo1/ru8ICp43JM1i7kKkk6GsNGHlA=="
      },
      "System.Memory": {
        "type": "Transitive",
        "resolved": "4.5.3",
        "contentHash": "3oDzvc/zzetpTKWMShs1AADwZjQ/36HnsufHRPcOjyRAAMLDlu2iD33MBI2opxnezcVUtXyqDXXjoFMOU9c7SA=="
      },
      "Tmds.DBus.Protocol": {
        "type": "Transitive",
        "resolved": "0.21.3",
        "contentHash": "hDwB8WsQoyALQKqIbwzS68UKdlnafDm4T/DkO/JrA/YIneP/rKv96SxYPVXeh3FP4i/SXfShrYftKLtciJAIlw==",
        "dependencies": {
          "System.IO.Pipelines": "8.0.0"
        }
      },
      "soundoff.core": {
        "type": "Project",
        "dependencies": {
          "Microsoft.Data.Sqlite": "[8.0.22, )"
        }
      },
      "soundoff.protocol": {
        "type": "Project",
        "dependencies": {
          "SoundOff.Core": "[1.0.0, )"
        }
      }
    }
  }
}